
Microsoft Visual Studio Solution File, Format Version 12.00
# Visual Studio Version 16
VisualStudioVersion = 16.0.29728.190
MinimumVisualStudioVersion = 10.0.40219.1
Project("{9A19103F-16F7-4668-BE54-9A1E7A4F7556}") = "TypeNew.Repository", "TypeNew.Repository\TypeNew.Repository.csproj", "{01B8ED4E-5070-4670-A0D0-6F40BA37C176}"
EndProject
Project("{9A19103F-16F7-4668-BE54-9A1E7A4F7556}") = "TypeNew.Services", "TypeNew.Services\TypeNew.Services.csproj", "{1025D20B-AF72-4324-BF64-83DE78372B79}"
EndProject
Project("{9A19103F-16F7-4668-BE54-9A1E7A4F7556}") = "TypeNew.Presentation", "TypeNew.Presentation\TypeNew.Presentation.csproj", "{0B86911B-39A3-4887-8E6F-945F56B30F66}"
EndProject
Project("{FAE04EC0-301F-11D3-BF4B-00C04F79EFBC}") = "TypeNew.Common", "TypeNew.Common\TypeNew.Common.csproj", "{09BDD903-B295-4604-862A-03B5E74F69FC}"
EndProject
Project("{FAE04EC0-301F-11D3-BF4B-00C04F79EFBC}") = "TypeNew.Data", "TypeNew.Data\TypeNew.Data.csproj", "{0F830B5B-083C-444B-8780-E0E16FCC76BC}"
EndProject
Global
	GlobalSection(SolutionConfigurationPlatforms) = preSolution
		Debug|Any CPU = Debug|Any CPU
		Release|Any CPU = Release|Any CPU
	EndGlobalSection
	GlobalSection(ProjectConfigurationPlatforms) = postSolution
		{01B8ED4E-5070-4670-A0D0-6F40BA37C176}.Debug|Any CPU.ActiveCfg = Debug|Any CPU
		{01B8ED4E-5070-4670-A0D0-6F40BA37C176}.Debug|Any CPU.Build.0 = Debug|Any CPU
		{01B8ED4E-5070-4670-A0D0-6F40BA37C176}.Release|Any CPU.ActiveCfg = Release|Any CPU
		{01B8ED4E-5070-4670-A0D0-6F40BA37C176}.Release|Any CPU.Build.0 = Release|Any CPU
		{1025D20B-AF72-4324-BF64-83DE78372B79}.Debug|Any CPU.ActiveCfg = Debug|Any CPU
		{1025D20B-AF72-4324-BF64-83DE78372B79}.Debug|Any CPU.Build.0 = Debug|Any CPU
		{1025D20B-AF72-4324-BF64-83DE78372B79}.Release|Any CPU.ActiveCfg = Release|Any CPU
		{1025D20B-AF72-4324-BF64-83DE78372B79}.Release|Any CPU.Build.0 = Release|Any CPU
		{0B86911B-39A3-4887-8E6F-945F56B30F66}.Debug|Any CPU.ActiveCfg = Debug|Any CPU
		{0B86911B-39A3-4887-8E6F-945F56B30F66}.Debug|Any CPU.Build.0 = Debug|Any CPU
		{0B86911B-39A3-4887-8E6F-945F56B30F66}.Release|Any CPU.ActiveCfg = Release|Any CPU
		{0B86911B-39A3-4887-8E6F-945F56B30F66}.Release|Any CPU.Build.0 = Release|Any CPU
		{09BDD903-B295-4604-862A-03B5E74F69FC}.Debug|Any CPU.ActiveCfg = Debug|Any CPU
		{09BDD903-B295-4604-862A-03B5E74F69FC}.Debug|Any CPU.Build.0 = Debug|Any CPU
		{09BDD903-B295-4604-862A-03B5E74F69FC}.Release|Any CPU.ActiveCfg = Release|Any CPU
		{09BDD903-B295-4604-862A-03B5E74F69FC}.Release|Any CPU.Build.0 = Release|Any CPU
		{0F830B5B-083C-444B-8780-E0E16FCC76BC}.Debug|Any CPU.ActiveCfg = Debug|Any CPU
		{0F830B5B-083C-444B-8780-E0E16FCC76BC}.Debug|Any CPU.Build.0 = Debug|Any CPU
		{0F830B5B-083C-444B-8780-E0E16FCC76BC}.Release|Any CPU.ActiveCfg = Release|Any CPU
		{0F830B5B-083C-444B-8780-E0E16FCC76BC}.Release|Any CPU.Build.0 = Release|Any CPU
	EndGlobalSection
	GlobalSection(SolutionProperties) = preSolution
		HideSolutionNode = FALSE
	EndGlobalSection
	GlobalSection(ExtensibilityGlobals) = postSolution
		SolutionGuid = {02457881-80EF-40A2-9EAF-7C64FD970790}
	EndGlobalSection
EndGlobal
